<?xml version="1.0" encoding="utf-8"?>
<Project ToolsVersion="4.0" xmlns="http://schemas.microsoft.com/developer/msbuild/2003">
  <ItemGroup>
    <Filter Include="engine">
      <UniqueIdentifier>{FBDB78FB-E77D-A3D1-D038-B725BC792A22}</UniqueIdentifier>
    </Filter>
    <Filter Include="engine\core">
      <UniqueIdentifier>{5341430D-BFF6-BB02-48EB-B5D9B49FB206}</UniqueIdentifier>
    </Filter>
    <Filter Include="engine\core\components">
      <UniqueIdentifier>{A8F07EE5-94EA-A737-7D57-3E4869F00DA4}</UniqueIdentifier>
    </Filter>
    <Filter Include="engine\systems">
      <UniqueIdentifier>{229548B5-0E63-3CBB-F7F6-ACE1E3631820}</UniqueIdentifier>
    </Filter>
    <Filter Include="engine\systems\graphics">
      <UniqueIdentifier>{C2DF5579-2E17-9E10-3721-0234A3D7C409}</UniqueIdentifier>
    </Filter>
    <Filter Include="engine\util">
      <UniqueIdentifier>{48344D0D-B4E9-C502-3DDE-BFD9A992BC06}</UniqueIdentifier>
    </Filter>
  </ItemGroup>
  <ItemGroup>
    <ClInclude Include="src\VannoEngine.h" />
    <ClInclude Include="src\engine\EntryPoint.h">
      <Filter>engine</Filter>
    </ClInclude>
    <ClInclude Include="src\engine\Game.h">
      <Filter>engine</Filter>
    </ClInclude>
    <ClInclude Include="src\engine\Log.h">
      <Filter>engine</Filter>
    </ClInclude>
    <ClInclude Include="src\engine\core\GameObject.h">
      <Filter>engine\core</Filter>
    </ClInclude>
    <ClInclude Include="src\engine\core\components\Camera.h">
      <Filter>engine\core\components</Filter>
    </ClInclude>
    <ClInclude Include="src\engine\core\components\ComponentCreator.h">
      <Filter>engine\core\components</Filter>
    </ClInclude>
    <ClInclude Include="src\engine\core\components\Components.h">
      <Filter>engine\core\components</Filter>
    </ClInclude>
    <ClInclude Include="src\engine\core\components\Controller.h">
      <Filter>engine\core\components</Filter>
    </ClInclude>
    <ClInclude Include="src\engine\core\components\GameComponent.h">
      <Filter>engine\core\components</Filter>
    </ClInclude>
    <ClInclude Include="src\engine\core\components\Sprite.h">
      <Filter>engine\core\components</Filter>
    </ClInclude>
    <ClInclude Include="src\engine\core\components\Transform.h">
      <Filter>engine\core\components</Filter>
    </ClInclude>
    <ClInclude Include="src\engine\core\components\UpDown.h">
      <Filter>engine\core\components</Filter>
    </ClInclude>
    <ClInclude Include="src\engine\systems\EventHandler.h">
      <Filter>engine\systems</Filter>
    </ClInclude>
    <ClInclude Include="src\engine\systems\EventManager.h">
      <Filter>engine\systems</Filter>
    </ClInclude>
    <ClInclude Include="src\engine\systems\FramerateController.h">
      <Filter>engine\systems</Filter>
    </ClInclude>
    <ClInclude Include="src\engine\systems\GameObjectFactory.h">
      <Filter>engine\systems</Filter>
    </ClInclude>
    <ClInclude Include="src\engine\systems\GraphicsManager.h">
      <Filter>engine\systems</Filter>
    </ClInclude>
    <ClInclude Include="src\engine\systems\InputManager.h">
      <Filter>engine\systems</Filter>
    </ClInclude>
    <ClInclude Include="src\engine\systems\Level.h">
      <Filter>engine\systems</Filter>
    </ClInclude>
    <ClInclude Include="src\engine\systems\LevelManager.h">
      <Filter>engine\systems</Filter>
    </ClInclude>
    <ClInclude Include="src\engine\systems\ResourceManager.h">
      <Filter>engine\systems</Filter>
    </ClInclude>
    <ClInclude Include="src\engine\systems\TimeManager.h">
      <Filter>engine\systems</Filter>
    </ClInclude>
    <ClInclude Include="src\engine\systems\graphics\GLTexture.h">
      <Filter>engine\systems\graphics</Filter>
    </ClInclude>
    <ClInclude Include="src\engine\systems\graphics\ShaderProgram.h">
      <Filter>engine\systems\graphics</Filter>
    </ClInclude>
    <ClInclude Include="src\engine\systems\graphics\Vertex.h">
      <Filter>engine\systems\graphics</Filter>
    </ClInclude>
    <ClInclude Include="src\engine\util\uuid.h">
      <Filter>engine\util</Filter>
    </ClInclude>
  </ItemGroup>
  <ItemGroup>
    <ClCompile Include="src\engine\Game.cpp">
      <Filter>engine</Filter>
    </ClCompile>
    <ClCompile Include="src\engine\Log.cpp">
      <Filter>engine</Filter>
    </ClCompile>
    <ClCompile Include="src\engine\core\GameObject.cpp">
      <Filter>engine\core</Filter>
    </ClCompile>
    <ClCompile Include="src\engine\core\components\Camera.cpp">
      <Filter>engine\core\components</Filter>
    </ClCompile>
    <ClCompile Include="src\engine\core\components\Controller.cpp">
      <Filter>engine\core\components</Filter>
    </ClCompile>
    <ClCompile Include="src\engine\core\components\Sprite.cpp">
      <Filter>engine\core\components</Filter>
    </ClCompile>
    <ClCompile Include="src\engine\core\components\Transform.cpp">
      <Filter>engine\core\components</Filter>
    </ClCompile>
    <ClCompile Include="src\engine\core\components\UpDown.cpp">
      <Filter>engine\core\components</Filter>
    </ClCompile>
    <ClCompile Include="src\engine\systems\EventManager.cpp">
      <Filter>engine\systems</Filter>
    </ClCompile>
    <ClCompile Include="src\engine\systems\FramerateController.cpp">
      <Filter>engine\systems</Filter>
    </ClCompile>
    <ClCompile Include="src\engine\systems\GameObjectFactory.cpp">
      <Filter>engine\systems</Filter>
    </ClCompile>
    <ClCompile Include="src\engine\systems\GraphicsManager.cpp">
      <Filter>engine\systems</Filter>
    </ClCompile>
    <ClCompile Include="src\engine\systems\InputManager.cpp">
      <Filter>engine\systems</Filter>
    </ClCompile>
    <ClCompile Include="src\engine\systems\Level.cpp">
      <Filter>engine\systems</Filter>
    </ClCompile>
    <ClCompile Include="src\engine\systems\LevelManager.cpp">
      <Filter>engine\systems</Filter>
    </ClCompile>
    <ClCompile Include="src\engine\systems\ResourceManager.cpp">
      <Filter>engine\systems</Filter>
    </ClCompile>
    <ClCompile Include="src\engine\systems\TimeManager.cpp">
      <Filter>engine\systems</Filter>
    </ClCompile>
    <ClCompile Include="src\engine\systems\graphics\ShaderProgram.cpp">
      <Filter>engine\systems\graphics</Filter>
    </ClCompile>
  </ItemGroup>
</Project>